
Microsoft Visual Studio Solution File, Format Version 12.00
# Visual Studio Version 17
VisualStudioVersion = 17.14.36221.1 d17.14
MinimumVisualStudioVersion = 10.0.40219.1
Project("{FAE04EC0-301F-11D3-BF4B-00C04F79EFBC}") = "Codeer.Friendly.Windows.NativeStandardControls", "Codeer.Friendly.Windows.NativeStandardControls.csproj", "{3C95E0F9-0F43-4E4D-8A6D-24F90DB8B2C0}"
EndProject
Project("{FAE04EC0-301F-11D3-BF4B-00C04F79EFBC}") = "Codeer.Friendly.Windows.NativeStandardControls.Generator", "..\Codeer.Friendly.Windows.NativeStandardControls.Generator\Codeer.Friendly.Windows.NativeStandardControls.Generator.csproj", "{0E004C2C-CDA1-4E19-90DD-5DB95D84327C}"
EndProject
Project("{2150E333-8FDC-42A3-9474-1A3956D46DE8}") = "Nuget", "Nuget", "{03C380E0-FA09-40F0-B93B-E8A62334A085}"
	ProjectSection(SolutionItems) = preProject
		..\Nuget\Friendly.Windows.NativeStandardControls.nuspec = ..\Nuget\Friendly.Windows.NativeStandardControls.nuspec
	EndProjectSection
EndProject
Project("{2150E333-8FDC-42A3-9474-1A3956D46DE8}") = "Test", "Test", "{B6DE6083-81BA-40E4-ADAB-20584430F7A2}"
EndProject
Project("{FAE04EC0-301F-11D3-BF4B-00C04F79EFBC}") = "GeneratorTest", "..\Test\GeneratorTest\GeneratorTest.csproj", "{CFC19387-372B-4EBB-BA25-51917BE14118}"
EndProject
Project("{FAE04EC0-301F-11D3-BF4B-00C04F79EFBC}") = "Codeer.Friendly.Windows.NativeStandardControls.4.0", "..\Codeer.Friendly.Windows.NativeStandardControls.4.0\Codeer.Friendly.Windows.NativeStandardControls.4.0.csproj", "{F9116C29-AF80-4EE8-A848-05CAB8051CEB}"
	ProjectSection(ProjectDependencies) = postProject
		{3C95E0F9-0F43-4E4D-8A6D-24F90DB8B2C0} = {3C95E0F9-0F43-4E4D-8A6D-24F90DB8B2C0}
	EndProjectSection
EndProject
Global
	GlobalSection(SolutionConfigurationPlatforms) = preSolution
		Debug|Any CPU = Debug|Any CPU
		Release|Any CPU = Release|Any CPU
		Release-English|Any CPU = Release-English|Any CPU
	EndGlobalSection
	GlobalSection(ProjectConfigurationPlatforms) = postSolution
		{3C95E0F9-0F43-4E4D-8A6D-24F90DB8B2C0}.Debug|Any CPU.ActiveCfg = Debug|Any CPU
		{3C95E0F9-0F43-4E4D-8A6D-24F90DB8B2C0}.Debug|Any CPU.Build.0 = Debug|Any CPU
		{3C95E0F9-0F43-4E4D-8A6D-24F90DB8B2C0}.Release|Any CPU.ActiveCfg = Release|Any CPU
		{3C95E0F9-0F43-4E4D-8A6D-24F90DB8B2C0}.Release|Any CPU.Build.0 = Release|Any CPU
		{3C95E0F9-0F43-4E4D-8A6D-24F90DB8B2C0}.Release-English|Any CPU.ActiveCfg = Release-English|Any CPU
		{3C95E0F9-0F43-4E4D-8A6D-24F90DB8B2C0}.Release-English|Any CPU.Build.0 = Release-English|Any CPU
		{0E004C2C-CDA1-4E19-90DD-5DB95D84327C}.Debug|Any CPU.ActiveCfg = Debug|Any CPU
		{0E004C2C-CDA1-4E19-90DD-5DB95D84327C}.Debug|Any CPU.Build.0 = Debug|Any CPU
		{0E004C2C-CDA1-4E19-90DD-5DB95D84327C}.Release|Any CPU.ActiveCfg = Release|Any CPU
		{0E004C2C-CDA1-4E19-90DD-5DB95D84327C}.Release|Any CPU.Build.0 = Release|Any CPU
		{0E004C2C-CDA1-4E19-90DD-5DB95D84327C}.Release-English|Any CPU.ActiveCfg = Release-English|Any CPU
		{0E004C2C-CDA1-4E19-90DD-5DB95D84327C}.Release-English|Any CPU.Build.0 = Release-English|Any CPU
		{CFC19387-372B-4EBB-BA25-51917BE14118}.Debug|Any CPU.ActiveCfg = Debug|Any CPU
		{CFC19387-372B-4EBB-BA25-51917BE14118}.Debug|Any CPU.Build.0 = Debug|Any CPU
		{CFC19387-372B-4EBB-BA25-51917BE14118}.Release|Any CPU.ActiveCfg = Release|Any CPU
		{CFC19387-372B-4EBB-BA25-51917BE14118}.Release|Any CPU.Build.0 = Release|Any CPU
		{CFC19387-372B-4EBB-BA25-51917BE14118}.Release-English|Any CPU.ActiveCfg = Release|Any CPU
		{CFC19387-372B-4EBB-BA25-51917BE14118}.Release-English|Any CPU.Build.0 = Release|Any CPU
		{F9116C29-AF80-4EE8-A848-05CAB8051CEB}.Debug|Any CPU.ActiveCfg = Debug|Any CPU
		{F9116C29-AF80-4EE8-A848-05CAB8051CEB}.Debug|Any CPU.Build.0 = Debug|Any CPU
		{F9116C29-AF80-4EE8-A848-05CAB8051CEB}.Release|Any CPU.ActiveCfg = Release|Any CPU
		{F9116C29-AF80-4EE8-A848-05CAB8051CEB}.Release|Any CPU.Build.0 = Release|Any CPU
		{F9116C29-AF80-4EE8-A848-05CAB8051CEB}.Release-English|Any CPU.ActiveCfg = Release-English|Any CPU
		{F9116C29-AF80-4EE8-A848-05CAB8051CEB}.Release-English|Any CPU.Build.0 = Release-English|Any CPU
	EndGlobalSection
	GlobalSection(SolutionProperties) = preSolution
		HideSolutionNode = FALSE
	EndGlobalSection
	GlobalSection(NestedProjects) = preSolution
		{CFC19387-372B-4EBB-BA25-51917BE14118} = {B6DE6083-81BA-40E4-ADAB-20584430F7A2}
	EndGlobalSection
	GlobalSection(ExtensibilityGlobals) = postSolution
		SolutionGuid = {DDDB5FC4-E998-4381-9B00-78B00FAA1598}
	EndGlobalSection
EndGlobal
