
Microsoft Visual Studio Solution File, Format Version 12.00
# Visual Studio 14
VisualStudioVersion = 14.0.25420.1
MinimumVisualStudioVersion = 10.0.40219.1
Project("{FAE04EC0-301F-11D3-BF4B-00C04F79EFBC}") = "NativeStandardControls", "NativeStandardControls.csproj", "{D53D0CEE-8F60-42B0-B935-3AFD6D5E134B}"
EndProject
Project("{FAE04EC0-301F-11D3-BF4B-00C04F79EFBC}") = "Codeer.Friendly.Windows.NativeStandardControls", "..\..\Codeer.Friendly.Windows.NativeStandardControls\Codeer.Friendly.Windows.NativeStandardControls.csproj", "{3C95E0F9-0F43-4E4D-8A6D-24F90DB8B2C0}"
EndProject
Global
	GlobalSection(SolutionConfigurationPlatforms) = preSolution
		Debug|Any CPU = Debug|Any CPU
		Debug-Uni|Any CPU = Debug-Uni|Any CPU
		Release|Any CPU = Release|Any CPU
		Release-English|Any CPU = Release-English|Any CPU
	EndGlobalSection
	GlobalSection(ProjectConfigurationPlatforms) = postSolution
		{D53D0CEE-8F60-42B0-B935-3AFD6D5E134B}.Debug|Any CPU.ActiveCfg = Debug|Any CPU
		{D53D0CEE-8F60-42B0-B935-3AFD6D5E134B}.Debug|Any CPU.Build.0 = Debug|Any CPU
		{D53D0CEE-8F60-42B0-B935-3AFD6D5E134B}.Debug-Uni|Any CPU.ActiveCfg = Debug-Uni|Any CPU
		{D53D0CEE-8F60-42B0-B935-3AFD6D5E134B}.Debug-Uni|Any CPU.Build.0 = Debug-Uni|Any CPU
		{D53D0CEE-8F60-42B0-B935-3AFD6D5E134B}.Release|Any CPU.ActiveCfg = Release|Any CPU
		{D53D0CEE-8F60-42B0-B935-3AFD6D5E134B}.Release|Any CPU.Build.0 = Release|Any CPU
		{D53D0CEE-8F60-42B0-B935-3AFD6D5E134B}.Release-English|Any CPU.ActiveCfg = Release|Any CPU
		{D53D0CEE-8F60-42B0-B935-3AFD6D5E134B}.Release-English|Any CPU.Build.0 = Release|Any CPU
		{3C95E0F9-0F43-4E4D-8A6D-24F90DB8B2C0}.Debug|Any CPU.ActiveCfg = Debug|Any CPU
		{3C95E0F9-0F43-4E4D-8A6D-24F90DB8B2C0}.Debug|Any CPU.Build.0 = Debug|Any CPU
		{3C95E0F9-0F43-4E4D-8A6D-24F90DB8B2C0}.Debug-Uni|Any CPU.ActiveCfg = Debug|Any CPU
		{3C95E0F9-0F43-4E4D-8A6D-24F90DB8B2C0}.Debug-Uni|Any CPU.Build.0 = Debug|Any CPU
		{3C95E0F9-0F43-4E4D-8A6D-24F90DB8B2C0}.Release|Any CPU.ActiveCfg = Release|Any CPU
		{3C95E0F9-0F43-4E4D-8A6D-24F90DB8B2C0}.Release|Any CPU.Build.0 = Release|Any CPU
		{3C95E0F9-0F43-4E4D-8A6D-24F90DB8B2C0}.Release-English|Any CPU.ActiveCfg = Release-English|Any CPU
		{3C95E0F9-0F43-4E4D-8A6D-24F90DB8B2C0}.Release-English|Any CPU.Build.0 = Release-English|Any CPU
	EndGlobalSection
	GlobalSection(SolutionProperties) = preSolution
		HideSolutionNode = FALSE
	EndGlobalSection
EndGlobal
